{
  "name": "bybit-portfolio-rebalance",
  "version": "1.0.0",
  "lockfileVersion": 2,
  "requires": true,
  "packages": {
    "": {
      "name": "bybit-portfolio-rebalance",
      "version": "1.0.0",
      "license": "ISC",
      "dependencies": {
        "cctx": "^1.0.1",
        "ccxt": "^2.7.108",
        "dotenv": "^16.0.3"
      }
    },
    "node_modules/cctx": {
      "version": "1.0.1",
      "resolved": "https://registry.npmjs.org/cctx/-/cctx-1.0.1.tgz",
      "integrity": "sha512-AcWAyflX8kGUaYMyvCLzRpcOe4MyMYioPzqoQ8AIrNFSQS2ddKLW46fIKc4wiTPai6b/Pebx2acBc1vPjGWGpA=="
    },
    "node_modules/ccxt": {
      "version": "2.8.32",
      "resolved": "https://registry.npmjs.org/ccxt/-/ccxt-2.8.32.tgz",
      "integrity": "sha512-Vh0qt0DvJ/MZVbJDzPKWyv9HN6UfujTQTI9MHtwCYhi18Jand1uorKUXNZRxTZCubVpRkggCfLZ9t6S0CdtIMg==",
      "hasInstallScript": true,
      "dependencies": {
        "ws": "^8.8.1"
      },
      "engines": {
        "node": ">=10.4.0"
      }
    },
    "node_modules/dotenv": {
      "version": "16.0.3",
      "resolved": "https://registry.npmjs.org/dotenv/-/dotenv-16.0.3.tgz",
      "integrity": "sha512-7GO6HghkA5fYG9TYnNxi14/7K9f5occMlp3zXAuSxn7CKCxt9xbNWG7yF8hTCSUchlfWSe3uLmlPfigevRItzQ==",
      "engines": {
        "node": ">=12"
      }
    },
    "node_modules/ws": {
      "version": "8.12.1",
      "resolved": "https://registry.npmjs.org/ws/-/ws-8.12.1.tgz",
      "integrity": "sha512-1qo+M9Ba+xNhPB+YTWUlK6M17brTut5EXbcBaMRN5pH5dFrXz7lzz1ChFSUq3bOUl8yEvSenhHmYUNJxFzdJew==",
      "engines": {
        "node": ">=10.0.0"
      },
      "peerDependencies": {
        "bufferutil": "^4.0.1",
        "utf-8-validate": ">=5.0.2"
      },
      "peerDependenciesMeta": {
        "bufferutil": {
          "optional": true
        },
        "utf-8-validate": {
          "optional": true
        }
      }
    }
  },
  "dependencies": {
    "cctx": {
      "version": "1.0.1",
      "resolved": "https://registry.npmjs.org/cctx/-/cctx-1.0.1.tgz",
      "integrity": "sha512-AcWAyflX8kGUaYMyvCLzRpcOe4MyMYioPzqoQ8AIrNFSQS2ddKLW46fIKc4wiTPai6b/Pebx2acBc1vPjGWGpA=="
    },
    "ccxt": {
      "version": "2.8.32",
      "resolved": "https://registry.npmjs.org/ccxt/-/ccxt-2.8.32.tgz",
      "integrity": "sha512-Vh0qt0DvJ/MZVbJDzPKWyv9HN6UfujTQTI9MHtwCYhi18Jand1uorKUXNZRxTZCubVpRkggCfLZ9t6S0CdtIMg==",
      "requires": {
        "ws": "^8.8.1"
      }
    },
    "dotenv": {
      "version": "16.0.3",
      "resolved": "https://registry.npmjs.org/dotenv/-/dotenv-16.0.3.tgz",
      "integrity": "sha512-7GO6HghkA5fYG9TYnNxi14/7K9f5occMlp3zXAuSxn7CKCxt9xbNWG7yF8hTCSUchlfWSe3uLmlPfigevRItzQ=="
    },
    "ws": {
      "version": "8.12.1",
      "resolved": "https://registry.npmjs.org/ws/-/ws-8.12.1.tgz",
      "integrity": "sha512-1qo+M9Ba+xNhPB+YTWUlK6M17brTut5EXbcBaMRN5pH5dFrXz7lzz1ChFSUq3bOUl8yEvSenhHmYUNJxFzdJew==",
      "requires": {}
    }
  }
}
